// !$*UTF8*$!
{
	archiveVersion = 1;
	classes = {
	};
	objectVersion = 48;
	objects = {

/* Begin PBXBuildFile section */
		B5F2B5FA1FD9294B00E647DA /* AppDelegate.swift in Sources */ = {isa = PBXBuildFile; fileRef = B5F2B5F91FD9294B00E647DA /* AppDelegate.swift */; };
		B5F2B5FF1FD9294B00E647DA /* Main.storyboard in Resources */ = {isa = PBXBuildFile; fileRef = B5F2B5FD1FD9294B00E647DA /* Main.storyboard */; };
		B5F2B6011FD9294B00E647DA /* Assets.xcassets in Resources */ = {isa = PBXBuildFile; fileRef = B5F2B6001FD9294B00E647DA /* Assets.xcassets */; };
		B5F2B6041FD9294B00E647DA /* LaunchScreen.storyboard in Resources */ = {isa = PBXBuildFile; fileRef = B5F2B6021FD9294B00E647DA /* LaunchScreen.storyboard */; };
		B5F2B6111FD92A1100E647DA /* ViewController.swift in Sources */ = {isa = PBXBuildFile; fileRef = B5F2B6101FD92A1100E647DA /* ViewController.swift */; };
		B5F2B6131FD92A7A00E647DA /* BitCoinChartViewModel.swift in Sources */ = {isa = PBXBuildFile; fileRef = B5F2B6121FD92A7A00E647DA /* BitCoinChartViewModel.swift */; };
		B5F2B6151FD92A8F00E647DA /* NetworkManager.swift in Sources */ = {isa = PBXBuildFile; fileRef = B5F2B6141FD92A8F00E647DA /* NetworkManager.swift */; };
		BC724B232EE99B761E4D98E9 /* Pods_Bitcoin.framework in Frameworks */ = {isa = PBXBuildFile; fileRef = 2E237217342574DA4B9A7823 /* Pods_Bitcoin.framework */; };
/* End PBXBuildFile section */

/* Begin PBXFileReference section */
		2E237217342574DA4B9A7823 /* Pods_Bitcoin.framework */ = {isa = PBXFileReference; explicitFileType = wrapper.framework; includeInIndex = 0; path = Pods_Bitcoin.framework; sourceTree = BUILT_PRODUCTS_DIR; };
		4A61D5B4936F56DAF2715BFB /* Pods-Bitcoin.debug.xcconfig */ = {isa = PBXFileReference; includeInIndex = 1; lastKnownFileType = text.xcconfig; name = "Pods-Bitcoin.debug.xcconfig"; path = "Pods/Target Support Files/Pods-Bitcoin/Pods-Bitcoin.debug.xcconfig"; sourceTree = "<group>"; };
		B5F2B5F61FD9294B00E647DA /* Bitcoin.app */ = {isa = PBXFileReference; explicitFileType = wrapper.application; includeInIndex = 0; path = Bitcoin.app; sourceTree = BUILT_PRODUCTS_DIR; };
		B5F2B5F91FD9294B00E647DA /* AppDelegate.swift */ = {isa = PBXFileReference; lastKnownFileType = sourcecode.swift; path = AppDelegate.swift; sourceTree = "<group>"; };
		B5F2B5FE1FD9294B00E647DA /* Base */ = {isa = PBXFileReference; lastKnownFileType = file.storyboard; name = Base; path = Base.lproj/Main.storyboard; sourceTree = "<group>"; };
		B5F2B6001FD9294B00E647DA /* Assets.xcassets */ = {isa = PBXFileReference; lastKnownFileType = folder.assetcatalog; path = Assets.xcassets; sourceTree = "<group>"; };
		B5F2B6031FD9294B00E647DA /* Base */ = {isa = PBXFileReference; lastKnownFileType = file.storyboard; name = Base; path = Base.lproj/LaunchScreen.storyboard; sourceTree = "<group>"; };
		B5F2B6051FD9294B00E647DA /* Info.plist */ = {isa = PBXFileReference; lastKnownFileType = text.plist.xml; path = Info.plist; sourceTree = "<group>"; };
		B5F2B6101FD92A1100E647DA /* ViewController.swift */ = {isa = PBXFileReference; fileEncoding = 4; lastKnownFileType = sourcecode.swift; path = ViewController.swift; sourceTree = "<group>"; };
		B5F2B6121FD92A7A00E647DA /* BitCoinChartViewModel.swift */ = {isa = PBXFileReference; lastKnownFileType = sourcecode.swift; path = BitCoinChartViewModel.swift; sourceTree = "<group>"; };
		B5F2B6141FD92A8F00E647DA /* NetworkManager.swift */ = {isa = PBXFileReference; lastKnownFileType = sourcecode.swift; path = NetworkManager.swift; sourceTree = "<group>"; };
		B8DB04FDD860BBB7982ED7D2 /* Pods-Bitcoin.release.xcconfig */ = {isa = PBXFileReference; includeInIndex = 1; lastKnownFileType = text.xcconfig; name = "Pods-Bitcoin.release.xcconfig"; path = "Pods/Target Support Files/Pods-Bitcoin/Pods-Bitcoin.release.xcconfig"; sourceTree = "<group>"; };
/* End PBXFileReference section */

/* Begin PBXFrameworksBuildPhase section */
		B5F2B5F31FD9294B00E647DA /* Frameworks */ = {
			isa = PBXFrameworksBuildPhase;
			buildActionMask = 2147483647;
			files = (
				BC724B232EE99B761E4D98E9 /* Pods_Bitcoin.framework in Frameworks */,
			);
			runOnlyForDeploymentPostprocessing = 0;
		};
/* End PBXFrameworksBuildPhase section */

/* Begin PBXGroup section */
		8F43DFC9FD5F5F762993E5C9 /* Frameworks */ = {
			isa = PBXGroup;
			children = (
				2E237217342574DA4B9A7823 /* Pods_Bitcoin.framework */,
			);
			name = Frameworks;
			sourceTree = "<group>";
		};
		91B8764D086CD66C7222038E /* Pods */ = {
			isa = PBXGroup;
			children = (
				4A61D5B4936F56DAF2715BFB /* Pods-Bitcoin.debug.xcconfig */,
				B8DB04FDD860BBB7982ED7D2 /* Pods-Bitcoin.release.xcconfig */,
			);
			name = Pods;
			sourceTree = "<group>";
		};
		B5F2B5ED1FD9294B00E647DA = {
			isa = PBXGroup;
			children = (
				B5F2B5F81FD9294B00E647DA /* Bitcoin */,
				B5F2B5F71FD9294B00E647DA /* Products */,
				91B8764D086CD66C7222038E /* Pods */,
				8F43DFC9FD5F5F762993E5C9 /* Frameworks */,
			);
			sourceTree = "<group>";
		};
		B5F2B5F71FD9294B00E647DA /* Products */ = {
			isa = PBXGroup;
			children = (
				B5F2B5F61FD9294B00E647DA /* Bitcoin.app */,
			);
			name = Products;
			sourceTree = "<group>";
		};
		B5F2B5F81FD9294B00E647DA /* Bitcoin */ = {
			isa = PBXGroup;
			children = (
				B5F2B60F1FD92A1100E647DA /* View */,
				B5F2B60C1FD929C500E647DA /* ViewModel */,
				B5F2B5F91FD9294B00E647DA /* AppDelegate.swift */,
				B5F2B60B1FD929BC00E647DA /* Model */,
				B5F2B5FD1FD9294B00E647DA /* Main.storyboard */,
				B5F2B6001FD9294B00E647DA /* Assets.xcassets */,
				B5F2B6021FD9294B00E647DA /* LaunchScreen.storyboard */,
				B5F2B6051FD9294B00E647DA /* Info.plist */,
			);
			path = Bitcoin;
			sourceTree = "<group>";
		};
		B5F2B60B1FD929BC00E647DA /* Model */ = {
			isa = PBXGroup;
			children = (
				B5F2B6141FD92A8F00E647DA /* NetworkManager.swift */,
			);
			path = Model;
			sourceTree = "<group>";
		};
		B5F2B60C1FD929C500E647DA /* ViewModel */ = {
			isa = PBXGroup;
			children = (
				B5F2B6121FD92A7A00E647DA /* BitCoinChartViewModel.swift */,
			);
			path = ViewModel;
			sourceTree = "<group>";
		};
		B5F2B60F1FD92A1100E647DA /* View */ = {
			isa = PBXGroup;
			children = (
				B5F2B6101FD92A1100E647DA /* ViewController.swift */,
			);
			path = View;
			sourceTree = "<group>";
		};
/* End PBXGroup section */

/* Begin PBXNativeTarget section */
		B5F2B5F51FD9294B00E647DA /* Bitcoin */ = {
			isa = PBXNativeTarget;
			buildConfigurationList = B5F2B6081FD9294B00E647DA /* Build configuration list for PBXNativeTarget "Bitcoin" */;
			buildPhases = (
				1FA12BBCBEAE37F297F1E5F4 /* [CP] Check Pods Manifest.lock */,
				B5F2B5F21FD9294B00E647DA /* Sources */,
				B5F2B5F31FD9294B00E647DA /* Frameworks */,
				B5F2B5F41FD9294B00E647DA /* Resources */,
				EF412DD36BE6FD32CA30D2F6 /* [CP] Embed Pods Frameworks */,
				21BBA6C4BA37C67E47A2C585 /* [CP] Copy Pods Resources */,
			);
			buildRules = (
			);
			dependencies = (
			);
			name = Bitcoin;
			productName = Bitcoin;
			productReference = B5F2B5F61FD9294B00E647DA /* Bitcoin.app */;
			productType = "com.apple.product-type.application";
		};
/* End PBXNativeTarget section */

/* Begin PBXProject section */
		B5F2B5EE1FD9294B00E647DA /* Project object */ = {
			isa = PBXProject;
			attributes = {
				LastSwiftUpdateCheck = 0920;
				LastUpgradeCheck = 0920;
				ORGANIZATIONNAME = una;
				TargetAttributes = {
					B5F2B5F51FD9294B00E647DA = {
						CreatedOnToolsVersion = 9.2;
						ProvisioningStyle = Automatic;
					};
				};
			};
			buildConfigurationList = B5F2B5F11FD9294B00E647DA /* Build configuration list for PBXProject "Bitcoin" */;
			compatibilityVersion = "Xcode 8.0";
			developmentRegion = en;
			hasScannedForEncodings = 0;
			knownRegions = (
				en,
				Base,
			);
			mainGroup = B5F2B5ED1FD9294B00E647DA;
			productRefGroup = B5F2B5F71FD9294B00E647DA /* Products */;
			projectDirPath = "";
			projectRoot = "";
			targets = (
				B5F2B5F51FD9294B00E647DA /* Bitcoin */,
			);
		};
/* End PBXProject section */

/* Begin PBXResourcesBuildPhase section */
		B5F2B5F41FD9294B00E647DA /* Resources */ = {
			isa = PBXResourcesBuildPhase;
			buildActionMask = 2147483647;
			files = (
				B5F2B6041FD9294B00E647DA /* LaunchScreen.storyboard in Resources */,
				B5F2B6011FD9294B00E647DA /* Assets.xcassets in Resources */,
				B5F2B5FF1FD9294B00E647DA /* Main.storyboard in Resources */,
			);
			runOnlyForDeploymentPostprocessing = 0;
		};
/* End PBXResourcesBuildPhase section */

/* Begin PBXShellScriptBuildPhase section */
		1FA12BBCBEAE37F297F1E5F4 /* [CP] Check Pods Manifest.lock */ = {
			isa = PBXShellScriptBuildPhase;
			buildActionMask = 2147483647;
			files = (
			);
			inputPaths = (
				"${PODS_PODFILE_DIR_PATH}/Podfile.lock",
				"${PODS_ROOT}/Manifest.lock",
			);
			name = "[CP] Check Pods Manifest.lock";
			outputPaths = (
				"$(DERIVED_FILE_DIR)/Pods-Bitcoin-checkManifestLockResult.txt",
			);
			runOnlyForDeploymentPostprocessing = 0;
			shellPath = /bin/sh;
			shellScript = "diff \"${PODS_PODFILE_DIR_PATH}/Podfile.lock\" \"${PODS_ROOT}/Manifest.lock\" > /dev/null\nif [ $? != 0 ] ; then\n    # print error to STDERR\n    echo \"error: The sandbox is not in sync with the Podfile.lock. Run 'pod install' or update your CocoaPods installation.\" >&2\n    exit 1\nfi\n# This output is used by Xcode 'outputs' to avoid re-running this script phase.\necho \"SUCCESS\" > \"${SCRIPT_OUTPUT_FILE_0}\"\n";
			showEnvVarsInLog = 0;
		};
		21BBA6C4BA37C67E47A2C585 /* [CP] Copy Pods Resources */ = {
			isa = PBXShellScriptBuildPhase;
			buildActionMask = 2147483647;
			files = (
			);
			inputPaths = (
			);
			name = "[CP] Copy Pods Resources";
			outputPaths = (
			);
			runOnlyForDeploymentPostprocessing = 0;
			shellPath = /bin/sh;
			shellScript = "\"${SRCROOT}/Pods/Target Support Files/Pods-Bitcoin/Pods-Bitcoin-resources.sh\"\n";
			showEnvVarsInLog = 0;
		};
		EF412DD36BE6FD32CA30D2F6 /* [CP] Embed Pods Frameworks */ = {
			isa = PBXShellScriptBuildPhase;
			buildActionMask = 2147483647;
			files = (
			);
			inputPaths = (
				"${SRCROOT}/Pods/Target Support Files/Pods-Bitcoin/Pods-Bitcoin-frameworks.sh",
				"${BUILT_PRODUCTS_DIR}/Alamofire/Alamofire.framework",
				"${BUILT_PRODUCTS_DIR}/RxCocoa/RxCocoa.framework",
				"${BUILT_PRODUCTS_DIR}/RxSwift/RxSwift.framework",
				"${BUILT_PRODUCTS_DIR}/SwiftyJSON/SwiftyJSON.framework",
			);
			name = "[CP] Embed Pods Frameworks";
			outputPaths = (
				"${TARGET_BUILD_DIR}/${FRAMEWORKS_FOLDER_PATH}/Alamofire.framework",
				"${TARGET_BUILD_DIR}/${FRAMEWORKS_FOLDER_PATH}/RxCocoa.framework",
				"${TARGET_BUILD_DIR}/${FRAMEWORKS_FOLDER_PATH}/RxSwift.framework",
				"${TARGET_BUILD_DIR}/${FRAMEWORKS_FOLDER_PATH}/SwiftyJSON.framework",
			);
			runOnlyForDeploymentPostprocessing = 0;
			shellPath = /bin/sh;
			shellScript = "\"${SRCROOT}/Pods/Target Support Files/Pods-Bitcoin/Pods-Bitcoin-frameworks.sh\"\n";
			showEnvVarsInLog = 0;
		};
/* End PBXShellScriptBuildPhase section */

/* Begin PBXSourcesBuildPhase section */
		B5F2B5F21FD9294B00E647DA /* Sources */ = {
			isa = PBXSourcesBuildPhase;
			buildActionMask = 2147483647;
			files = (
				B5F2B6151FD92A8F00E647DA /* NetworkManager.swift in Sources */,
				B5F2B6131FD92A7A00E647DA /* BitCoinChartViewModel.swift in Sources */,
				B5F2B6111FD92A1100E647DA /* ViewController.swift in Sources */,
				B5F2B5FA1FD9294B00E647DA /* AppDelegate.swift in Sources */,
			);
			runOnlyForDeploymentPostprocessing = 0;
		};
/* End PBXSourcesBuildPhase section */

/* Begin PBXVariantGroup section */
		B5F2B5FD1FD9294B00E647DA /* Main.storyboard */ = {
			isa = PBXVariantGroup;
			children = (
				B5F2B5FE1FD9294B00E647DA /* Base */,
			);
			name = Main.storyboard;
			sourceTree = "<group>";
		};
		B5F2B6021FD9294B00E647DA /* LaunchScreen.storyboard */ = {
			isa = PBXVariantGroup;
			children = (
				B5F2B6031FD9294B00E647DA /* Base */,
			);
			name = LaunchScreen.storyboard;
			sourceTree = "<group>";
		};
/* End PBXVariantGroup section */

/* Begin XCBuildConfiguration section */
		B5F2B6061FD9294B00E647DA /* Debug */ = {
			isa = XCBuildConfiguration;
			buildSettings = {
				ALWAYS_SEARCH_USER_PATHS = NO;
				CLANG_ANALYZER_NONNULL = YES;
				CLANG_ANALYZER_NUMBER_OBJECT_CONVERSION = YES_AGGRESSIVE;
				CLANG_CXX_LANGUAGE_STANDARD = "gnu++14";
				CLANG_CXX_LIBRARY = "libc++";
				CLANG_ENABLE_MODULES = YES;
				CLANG_ENABLE_OBJC_ARC = YES;
				CLANG_WARN_BLOCK_CAPTURE_AUTORELEASING = YES;
				CLANG_WARN_BOOL_CONVERSION = YES;
				CLANG_WARN_COMMA = YES;
				CLANG_WARN_CONSTANT_CONVERSION = YES;
				CLANG_WARN_DIRECT_OBJC_ISA_USAGE = YES_ERROR;
				CLANG_WARN_DOCUMENTATION_COMMENTS = YES;
				CLANG_WARN_EMPTY_BODY = YES;
				CLANG_WARN_ENUM_CONVERSION = YES;
				CLANG_WARN_INFINITE_RECURSION = YES;
				CLANG_WARN_INT_CONVERSION = YES;
				CLANG_WARN_NON_LITERAL_NULL_CONVERSION = YES;
				CLANG_WARN_OBJC_LITERAL_CONVERSION = YES;
				CLANG_WARN_OBJC_ROOT_CLASS = YES_ERROR;
				CLANG_WARN_RANGE_LOOP_ANALYSIS = YES;
				CLANG_WARN_STRICT_PROTOTYPES = YES;
				CLANG_WARN_SUSPICIOUS_MOVE = YES;
				CLANG_WARN_UNGUARDED_AVAILABILITY = YES_AGGRESSIVE;
				CLANG_WARN_UNREACHABLE_CODE = YES;
				CLANG_WARN__DUPLICATE_METHOD_MATCH = YES;
				CODE_SIGN_IDENTITY = "iPhone Developer";
				COPY_PHASE_STRIP = NO;
				DEBUG_INFORMATION_FORMAT = dwarf;
				ENABLE_STRICT_OBJC_MSGSEND = YES;
				ENABLE_TESTABILITY = YES;
				GCC_C_LANGUAGE_STANDARD = gnu11;
				GCC_DYNAMIC_NO_PIC = NO;
				GCC_NO_COMMON_BLOCKS = YES;
				GCC_OPTIMIZATION_LEVEL = 0;
				GCC_PREPROCESSOR_DEFINITIONS = (
					"DEBUG=1",
					"$(inherited)",
				);
				GCC_WARN_64_TO_32_BIT_CONVERSION = YES;
				GCC_WARN_ABOUT_RETURN_TYPE = YES_ERROR;
				GCC_WARN_UNDECLARED_SELECTOR = YES;
				GCC_WARN_UNINITIALIZED_AUTOS = YES_AGGRESSIVE;
				GCC_WARN_UNUSED_FUNCTION = YES;
				GCC_WARN_UNUSED_VARIABLE = YES;
				IPHONEOS_DEPLOYMENT_TARGET = 11.2;
				MTL_ENABLE_DEBUG_INFO = YES;
				ONLY_ACTIVE_ARCH = YES;
				SDKROOT = iphoneos;
				SWIFT_ACTIVE_COMPILATION_CONDITIONS = DEBUG;
				SWIFT_OPTIMIZATION_LEVEL = "-Onone";
			};
			name = Debug;
		};
		B5F2B6071FD9294B00E647DA /* Release */ = {
			isa = XCBuildConfiguration;
			buildSettings = {
				ALWAYS_SEARCH_USER_PATHS = NO;
				CLANG_ANALYZER_NONNULL = YES;
				CLANG_ANALYZER_NUMBER_OBJECT_CONVERSION = YES_AGGRESSIVE;
				CLANG_CXX_LANGUAGE_STANDARD = "gnu++14";
				CLANG_CXX_LIBRARY = "libc++";
				CLANG_ENABLE_MODULES = YES;
				CLANG_ENABLE_OBJC_ARC = YES;
				CLANG_WARN_BLOCK_CAPTURE_AUTORELEASING = YES;
				CLANG_WARN_BOOL_CONVERSION = YES;
				CLANG_WARN_COMMA = YES;
				CLANG_WARN_CONSTANT_CONVERSION = YES;
				CLANG_WARN_DIRECT_OBJC_ISA_USAGE = YES_ERROR;
				CLANG_WARN_DOCUMENTATION_COMMENTS = YES;
				CLANG_WARN_EMPTY_BODY = YES;
				CLANG_WARN_ENUM_CONVERSION = YES;
				CLANG_WARN_INFINITE_RECURSION = YES;
				CLANG_WARN_INT_CONVERSION = YES;
				CLANG_WARN_NON_LITERAL_NULL_CONVERSION = YES;
				CLANG_WARN_OBJC_LITERAL_CONVERSION = YES;
				CLANG_WARN_OBJC_ROOT_CLASS = YES_ERROR;
				CLANG_WARN_RANGE_LOOP_ANALYSIS = YES;
				CLANG_WARN_STRICT_PROTOTYPES = YES;
				CLANG_WARN_SUSPICIOUS_MOVE = YES;
				CLANG_WARN_UNGUARDED_AVAILABILITY = YES_AGGRESSIVE;
				CLANG_WARN_UNREACHABLE_CODE = YES;
				CLANG_WARN__DUPLICATE_METHOD_MATCH = YES;
				CODE_SIGN_IDENTITY = "iPhone Developer";
				COPY_PHASE_STRIP = NO;
				DEBUG_INFORMATION_FORMAT = "dwarf-with-dsym";
				ENABLE_NS_ASSERTIONS = NO;
				ENABLE_STRICT_OBJC_MSGSEND = YES;
				GCC_C_LANGUAGE_STANDARD = gnu11;
				GCC_NO_COMMON_BLOCKS = YES;
				GCC_WARN_64_TO_32_BIT_CONVERSION = YES;
				GCC_WARN_ABOUT_RETURN_TYPE = YES_ERROR;
				GCC_WARN_UNDECLARED_SELECTOR = YES;
				GCC_WARN_UNINITIALIZED_AUTOS = YES_AGGRESSIVE;
				GCC_WARN_UNUSED_FUNCTION = YES;
				GCC_WARN_UNUSED_VARIABLE = YES;
				IPHONEOS_DEPLOYMENT_TARGET = 11.2;
				MTL_ENABLE_DEBUG_INFO = NO;
				SDKROOT = iphoneos;
				SWIFT_OPTIMIZATION_LEVEL = "-Owholemodule";
				VALIDATE_PRODUCT = YES;
			};
			name = Release;
		};
		B5F2B6091FD9294B00E647DA /* Debug */ = {
			isa = XCBuildConfiguration;
			baseConfigurationReference = 4A61D5B4936F56DAF2715BFB /* Pods-Bitcoin.debug.xcconfig */;
			buildSettings = {
				ASSETCATALOG_COMPILER_APPICON_NAME = AppIcon;
				CODE_SIGN_STYLE = Automatic;
				INFOPLIST_FILE = Bitcoin/Info.plist;
				LD_RUNPATH_SEARCH_PATHS = "$(inherited) @executable_path/Frameworks";
				PRODUCT_BUNDLE_IDENTIFIER = com.una.Bitcoin;
				PRODUCT_NAME = "$(TARGET_NAME)";
				SWIFT_VERSION = 4.0;
				TARGETED_DEVICE_FAMILY = "1,2";
			};
			name = Debug;
		};
		B5F2B60A1FD9294B00E647DA /* Release */ = {
			isa = XCBuildConfiguration;
			baseConfigurationReference = B8DB04FDD860BBB7982ED7D2 /* Pods-Bitcoin.release.xcconfig */;
			buildSettings = {
				ASSETCATALOG_COMPILER_APPICON_NAME = AppIcon;
				CODE_SIGN_STYLE = Automatic;
				INFOPLIST_FILE = Bitcoin/Info.plist;
				LD_RUNPATH_SEARCH_PATHS = "$(inherited) @executable_path/Frameworks";
				PRODUCT_BUNDLE_IDENTIFIER = com.una.Bitcoin;
				PRODUCT_NAME = "$(TARGET_NAME)";
				SWIFT_VERSION = 4.0;
				TARGETED_DEVICE_FAMILY = "1,2";
			};
			name = Release;
		};
/* End XCBuildConfiguration section */

/* Begin XCConfigurationList section */
		B5F2B5F11FD9294B00E647DA /* Build configuration list for PBXProject "Bitcoin" */ = {
			isa = XCConfigurationList;
			buildConfigurations = (
				B5F2B6061FD9294B00E647DA /* Debug */,
				B5F2B6071FD9294B00E647DA /* Release */,
			);
			defaultConfigurationIsVisible = 0;
			defaultConfigurationName = Release;
		};
		B5F2B6081FD9294B00E647DA /* Build configuration list for PBXNativeTarget "Bitcoin" */ = {
			isa = XCConfigurationList;
			buildConfigurations = (
				B5F2B6091FD9294B00E647DA /* Debug */,
				B5F2B60A1FD9294B00E647DA /* Release */,
			);
			defaultConfigurationIsVisible = 0;
			defaultConfigurationName = Release;
		};
/* End XCConfigurationList section */
	};
	rootObject = B5F2B5EE1FD9294B00E647DA /* Project object */;
}
